
Microsoft Visual Studio Solution File, Format Version 12.00
# Visual Studio Version 17
VisualStudioVersion = 17.7.34024.191
MinimumVisualStudioVersion = 10.0.40219.1
Project("{FAE04EC0-301F-11D3-BF4B-00C04F79EFBC}") = "lab2", "lab2\lab2.csproj", "{1B0D873E-9B6D-4FF9-B583-3551DBDC7798}"
EndProject
Project("{FAE04EC0-301F-11D3-BF4B-00C04F79EFBC}") = "UnitTestLab2ex2", "UnitTestLab2ex2\UnitTestLab2ex2.csproj", "{568207CB-D39A-4193-8DF8-F2A259EC1689}"
EndProject
Global
	GlobalSection(SolutionConfigurationPlatforms) = preSolution
		Debug|Any CPU = Debug|Any CPU
		Release|Any CPU = Release|Any CPU
	EndGlobalSection
	GlobalSection(ProjectConfigurationPlatforms) = postSolution
		{1B0D873E-9B6D-4FF9-B583-3551DBDC7798}.Debug|Any CPU.ActiveCfg = Debug|Any CPU
		{1B0D873E-9B6D-4FF9-B583-3551DBDC7798}.Debug|Any CPU.Build.0 = Debug|Any CPU
		{1B0D873E-9B6D-4FF9-B583-3551DBDC7798}.Release|Any CPU.ActiveCfg = Release|Any CPU
		{1B0D873E-9B6D-4FF9-B583-3551DBDC7798}.Release|Any CPU.Build.0 = Release|Any CPU
		{568207CB-D39A-4193-8DF8-F2A259EC1689}.Debug|Any CPU.ActiveCfg = Debug|Any CPU
		{568207CB-D39A-4193-8DF8-F2A259EC1689}.Debug|Any CPU.Build.0 = Debug|Any CPU
		{568207CB-D39A-4193-8DF8-F2A259EC1689}.Release|Any CPU.ActiveCfg = Release|Any CPU
		{568207CB-D39A-4193-8DF8-F2A259EC1689}.Release|Any CPU.Build.0 = Release|Any CPU
	EndGlobalSection
	GlobalSection(SolutionProperties) = preSolution
		HideSolutionNode = FALSE
	EndGlobalSection
	GlobalSection(ExtensibilityGlobals) = postSolution
		SolutionGuid = {B81CC5D6-260D-4D64-B1D1-5E2736FD2A04}
	EndGlobalSection
EndGlobal
